// !$*UTF8*$!
{
	archiveVersion = 1;
	classes = {
	};
	objectVersion = 56;
	objects = {

/* Begin PBXBuildFile section */
		DD1E9BCB2AFCE4E2003020B0 /* WeatherData.swift in Sources */ = {isa = PBXBuildFile; fileRef = DD1E9BCA2AFCE4E2003020B0 /* WeatherData.swift */; };
		DD1E9BCD2AFCE4EE003020B0 /* WeatherManager.swift in Sources */ = {isa = PBXBuildFile; fileRef = DD1E9BCC2AFCE4EE003020B0 /* WeatherManager.swift */; };
		DD1E9BCF2AFCE4FA003020B0 /* WeatherModel.swift in Sources */ = {isa = PBXBuildFile; fileRef = DD1E9BCE2AFCE4FA003020B0 /* WeatherModel.swift */; };
		DD6C8F4E2AFCE3CB007F21D5 /* AppDelegate.swift in Sources */ = {isa = PBXBuildFile; fileRef = DD6C8F4D2AFCE3CB007F21D5 /* AppDelegate.swift */; };
		DD6C8F502AFCE3CB007F21D5 /* SceneDelegate.swift in Sources */ = {isa = PBXBuildFile; fileRef = DD6C8F4F2AFCE3CB007F21D5 /* SceneDelegate.swift */; };
		DD6C8F522AFCE3CB007F21D5 /* WeatherVC.swift in Sources */ = {isa = PBXBuildFile; fileRef = DD6C8F512AFCE3CB007F21D5 /* WeatherVC.swift */; };
		DD6C8F552AFCE3CB007F21D5 /* Main.storyboard in Resources */ = {isa = PBXBuildFile; fileRef = DD6C8F532AFCE3CB007F21D5 /* Main.storyboard */; };
		DD6C8F572AFCE3CC007F21D5 /* Assets.xcassets in Resources */ = {isa = PBXBuildFile; fileRef = DD6C8F562AFCE3CC007F21D5 /* Assets.xcassets */; };
		DD6C8F5A2AFCE3CC007F21D5 /* LaunchScreen.storyboard in Resources */ = {isa = PBXBuildFile; fileRef = DD6C8F582AFCE3CC007F21D5 /* LaunchScreen.storyboard */; };
		DD7435DD2B050BCC0041F834 /* Rubik-VariableFont_wght.ttf in Resources */ = {isa = PBXBuildFile; fileRef = DD7435DC2B050BCC0041F834 /* Rubik-VariableFont_wght.ttf */; };
/* End PBXBuildFile section */

/* Begin PBXFileReference section */
		DD1E9BCA2AFCE4E2003020B0 /* WeatherData.swift */ = {isa = PBXFileReference; lastKnownFileType = sourcecode.swift; path = WeatherData.swift; sourceTree = "<group>"; };
		DD1E9BCC2AFCE4EE003020B0 /* WeatherManager.swift */ = {isa = PBXFileReference; lastKnownFileType = sourcecode.swift; path = WeatherManager.swift; sourceTree = "<group>"; };
		DD1E9BCE2AFCE4FA003020B0 /* WeatherModel.swift */ = {isa = PBXFileReference; lastKnownFileType = sourcecode.swift; path = WeatherModel.swift; sourceTree = "<group>"; };
		DD6C8F4A2AFCE3CB007F21D5 /* WillItRain.app */ = {isa = PBXFileReference; explicitFileType = wrapper.application; includeInIndex = 0; path = WillItRain.app; sourceTree = BUILT_PRODUCTS_DIR; };
		DD6C8F4D2AFCE3CB007F21D5 /* AppDelegate.swift */ = {isa = PBXFileReference; lastKnownFileType = sourcecode.swift; path = AppDelegate.swift; sourceTree = "<group>"; };
		DD6C8F4F2AFCE3CB007F21D5 /* SceneDelegate.swift */ = {isa = PBXFileReference; lastKnownFileType = sourcecode.swift; path = SceneDelegate.swift; sourceTree = "<group>"; };
		DD6C8F512AFCE3CB007F21D5 /* WeatherVC.swift */ = {isa = PBXFileReference; lastKnownFileType = sourcecode.swift; path = WeatherVC.swift; sourceTree = "<group>"; };
		DD6C8F542AFCE3CB007F21D5 /* Base */ = {isa = PBXFileReference; lastKnownFileType = file.storyboard; name = Base; path = Base.lproj/Main.storyboard; sourceTree = "<group>"; };
		DD6C8F562AFCE3CC007F21D5 /* Assets.xcassets */ = {isa = PBXFileReference; lastKnownFileType = folder.assetcatalog; path = Assets.xcassets; sourceTree = "<group>"; };
		DD6C8F592AFCE3CC007F21D5 /* Base */ = {isa = PBXFileReference; lastKnownFileType = file.storyboard; name = Base; path = Base.lproj/LaunchScreen.storyboard; sourceTree = "<group>"; };
		DD6C8F5B2AFCE3CC007F21D5 /* Info.plist */ = {isa = PBXFileReference; lastKnownFileType = text.plist.xml; path = Info.plist; sourceTree = "<group>"; };
		DD7435DC2B050BCC0041F834 /* Rubik-VariableFont_wght.ttf */ = {isa = PBXFileReference; lastKnownFileType = file; path = "Rubik-VariableFont_wght.ttf"; sourceTree = "<group>"; };
/* End PBXFileReference section */

/* Begin PBXFrameworksBuildPhase section */
		DD6C8F472AFCE3CB007F21D5 /* Frameworks */ = {
			isa = PBXFrameworksBuildPhase;
			buildActionMask = 2147483647;
			files = (
			);
			runOnlyForDeploymentPostprocessing = 0;
		};
/* End PBXFrameworksBuildPhase section */

/* Begin PBXGroup section */
		DD1E9BC72AFCE480003020B0 /* View */ = {
			isa = PBXGroup;
			children = (
				DD6C8F582AFCE3CC007F21D5 /* LaunchScreen.storyboard */,
				DD6C8F532AFCE3CB007F21D5 /* Main.storyboard */,
			);
			path = View;
			sourceTree = "<group>";
		};
		DD1E9BC82AFCE4AB003020B0 /* ViewModel */ = {
			isa = PBXGroup;
			children = (
				DD6C8F512AFCE3CB007F21D5 /* WeatherVC.swift */,
				DD7435DC2B050BCC0041F834 /* Rubik-VariableFont_wght.ttf */,
			);
			path = ViewModel;
			sourceTree = "<group>";
		};
		DD1E9BC92AFCE4BE003020B0 /* Model */ = {
			isa = PBXGroup;
			children = (
				DD1E9BCA2AFCE4E2003020B0 /* WeatherData.swift */,
				DD1E9BCC2AFCE4EE003020B0 /* WeatherManager.swift */,
				DD1E9BCE2AFCE4FA003020B0 /* WeatherModel.swift */,
			);
			path = Model;
			sourceTree = "<group>";
		};
		DD6C8F412AFCE3CB007F21D5 = {
			isa = PBXGroup;
			children = (
				DD6C8F4C2AFCE3CB007F21D5 /* WillItRain */,
				DD6C8F4B2AFCE3CB007F21D5 /* Products */,
			);
			sourceTree = "<group>";
		};
		DD6C8F4B2AFCE3CB007F21D5 /* Products */ = {
			isa = PBXGroup;
			children = (
				DD6C8F4A2AFCE3CB007F21D5 /* WillItRain.app */,
			);
			name = Products;
			sourceTree = "<group>";
		};
		DD6C8F4C2AFCE3CB007F21D5 /* WillItRain */ = {
			isa = PBXGroup;
			children = (
				DD6C8F4D2AFCE3CB007F21D5 /* AppDelegate.swift */,
				DD6C8F4F2AFCE3CB007F21D5 /* SceneDelegate.swift */,
				DD1E9BC92AFCE4BE003020B0 /* Model */,
				DD1E9BC72AFCE480003020B0 /* View */,
				DD1E9BC82AFCE4AB003020B0 /* ViewModel */,
				DD6C8F562AFCE3CC007F21D5 /* Assets.xcassets */,
				DD6C8F5B2AFCE3CC007F21D5 /* Info.plist */,
			);
			path = WillItRain;
			sourceTree = "<group>";
		};
/* End PBXGroup section */

/* Begin PBXNativeTarget section */
		DD6C8F492AFCE3CB007F21D5 /* WillItRain */ = {
			isa = PBXNativeTarget;
			buildConfigurationList = DD6C8F5E2AFCE3CC007F21D5 /* Build configuration list for PBXNativeTarget "WillItRain" */;
			buildPhases = (
				DD6C8F462AFCE3CB007F21D5 /* Sources */,
				DD6C8F472AFCE3CB007F21D5 /* Frameworks */,
				DD6C8F482AFCE3CB007F21D5 /* Resources */,
			);
			buildRules = (
			);
			dependencies = (
			);
			name = WillItRain;
			productName = WillItRain;
			productReference = DD6C8F4A2AFCE3CB007F21D5 /* WillItRain.app */;
			productType = "com.apple.product-type.application";
		};
/* End PBXNativeTarget section */

/* Begin PBXProject section */
		DD6C8F422AFCE3CB007F21D5 /* Project object */ = {
			isa = PBXProject;
			attributes = {
				BuildIndependentTargetsInParallel = 1;
				LastSwiftUpdateCheck = 1500;
				LastUpgradeCheck = 1500;
				TargetAttributes = {
					DD6C8F492AFCE3CB007F21D5 = {
						CreatedOnToolsVersion = 15.0;
					};
				};
			};
			buildConfigurationList = DD6C8F452AFCE3CB007F21D5 /* Build configuration list for PBXProject "WillItRain" */;
			compatibilityVersion = "Xcode 14.0";
			developmentRegion = en;
			hasScannedForEncodings = 0;
			knownRegions = (
				en,
				Base,
			);
			mainGroup = DD6C8F412AFCE3CB007F21D5;
			productRefGroup = DD6C8F4B2AFCE3CB007F21D5 /* Products */;
			projectDirPath = "";
			projectRoot = "";
			targets = (
				DD6C8F492AFCE3CB007F21D5 /* WillItRain */,
			);
		};
/* End PBXProject section */

/* Begin PBXResourcesBuildPhase section */
		DD6C8F482AFCE3CB007F21D5 /* Resources */ = {
			isa = PBXResourcesBuildPhase;
			buildActionMask = 2147483647;
			files = (
				DD6C8F5A2AFCE3CC007F21D5 /* LaunchScreen.storyboard in Resources */,
				DD6C8F572AFCE3CC007F21D5 /* Assets.xcassets in Resources */,
				DD6C8F552AFCE3CB007F21D5 /* Main.storyboard in Resources */,
				DD7435DD2B050BCC0041F834 /* Rubik-VariableFont_wght.ttf in Resources */,
			);
			runOnlyForDeploymentPostprocessing = 0;
		};
/* End PBXResourcesBuildPhase section */

/* Begin PBXSourcesBuildPhase section */
		DD6C8F462AFCE3CB007F21D5 /* Sources */ = {
			isa = PBXSourcesBuildPhase;
			buildActionMask = 2147483647;
			files = (
				DD6C8F522AFCE3CB007F21D5 /* WeatherVC.swift in Sources */,
				DD6C8F4E2AFCE3CB007F21D5 /* AppDelegate.swift in Sources */,
				DD1E9BCD2AFCE4EE003020B0 /* WeatherManager.swift in Sources */,
				DD1E9BCB2AFCE4E2003020B0 /* WeatherData.swift in Sources */,
				DD1E9BCF2AFCE4FA003020B0 /* WeatherModel.swift in Sources */,
				DD6C8F502AFCE3CB007F21D5 /* SceneDelegate.swift in Sources */,
			);
			runOnlyForDeploymentPostprocessing = 0;
		};
/* End PBXSourcesBuildPhase section */

/* Begin PBXVariantGroup section */
		DD6C8F532AFCE3CB007F21D5 /* Main.storyboard */ = {
			isa = PBXVariantGroup;
			children = (
				DD6C8F542AFCE3CB007F21D5 /* Base */,
			);
			name = Main.storyboard;
			sourceTree = "<group>";
		};
		DD6C8F582AFCE3CC007F21D5 /* LaunchScreen.storyboard */ = {
			isa = PBXVariantGroup;
			children = (
				DD6C8F592AFCE3CC007F21D5 /* Base */,
			);
			name = LaunchScreen.storyboard;
			sourceTree = "<group>";
		};
/* End PBXVariantGroup section */

/* Begin XCBuildConfiguration section */
		DD6C8F5C2AFCE3CC007F21D5 /* Debug */ = {
			isa = XCBuildConfiguration;
			buildSettings = {
				ALWAYS_SEARCH_USER_PATHS = NO;
				ASSETCATALOG_COMPILER_GENERATE_SWIFT_ASSET_SYMBOL_EXTENSIONS = YES;
				CLANG_ANALYZER_NONNULL = YES;
				CLANG_ANALYZER_NUMBER_OBJECT_CONVERSION = YES_AGGRESSIVE;
				CLANG_CXX_LANGUAGE_STANDARD = "gnu++20";
				CLANG_ENABLE_MODULES = YES;
				CLANG_ENABLE_OBJC_ARC = YES;
				CLANG_ENABLE_OBJC_WEAK = YES;
				CLANG_WARN_BLOCK_CAPTURE_AUTORELEASING = YES;
				CLANG_WARN_BOOL_CONVERSION = YES;
				CLANG_WARN_COMMA = YES;
				CLANG_WARN_CONSTANT_CONVERSION = YES;
				CLANG_WARN_DEPRECATED_OBJC_IMPLEMENTATIONS = YES;
				CLANG_WARN_DIRECT_OBJC_ISA_USAGE = YES_ERROR;
				CLANG_WARN_DOCUMENTATION_COMMENTS = YES;
				CLANG_WARN_EMPTY_BODY = YES;
				CLANG_WARN_ENUM_CONVERSION = YES;
				CLANG_WARN_INFINITE_RECURSION = YES;
				CLANG_WARN_INT_CONVERSION = YES;
				CLANG_WARN_NON_LITERAL_NULL_CONVERSION = YES;
				CLANG_WARN_OBJC_IMPLICIT_RETAIN_SELF = YES;
				CLANG_WARN_OBJC_LITERAL_CONVERSION = YES;
				CLANG_WARN_OBJC_ROOT_CLASS = YES_ERROR;
				CLANG_WARN_QUOTED_INCLUDE_IN_FRAMEWORK_HEADER = YES;
				CLANG_WARN_RANGE_LOOP_ANALYSIS = YES;
				CLANG_WARN_STRICT_PROTOTYPES = YES;
				CLANG_WARN_SUSPICIOUS_MOVE = YES;
				CLANG_WARN_UNGUARDED_AVAILABILITY = YES_AGGRESSIVE;
				CLANG_WARN_UNREACHABLE_CODE = YES;
				CLANG_WARN__DUPLICATE_METHOD_MATCH = YES;
				COPY_PHASE_STRIP = NO;
				DEBUG_INFORMATION_FORMAT = dwarf;
				ENABLE_STRICT_OBJC_MSGSEND = YES;
				ENABLE_TESTABILITY = YES;
				ENABLE_USER_SCRIPT_SANDBOXING = YES;
				GCC_C_LANGUAGE_STANDARD = gnu17;
				GCC_DYNAMIC_NO_PIC = NO;
				GCC_NO_COMMON_BLOCKS = YES;
				GCC_OPTIMIZATION_LEVEL = 0;
				GCC_PREPROCESSOR_DEFINITIONS = (
					"DEBUG=1",
					"$(inherited)",
				);
				GCC_WARN_64_TO_32_BIT_CONVERSION = YES;
				GCC_WARN_ABOUT_RETURN_TYPE = YES_ERROR;
				GCC_WARN_UNDECLARED_SELECTOR = YES;
				GCC_WARN_UNINITIALIZED_AUTOS = YES_AGGRESSIVE;
				GCC_WARN_UNUSED_FUNCTION = YES;
				GCC_WARN_UNUSED_VARIABLE = YES;
				IPHONEOS_DEPLOYMENT_TARGET = 17.0;
				LOCALIZATION_PREFERS_STRING_CATALOGS = YES;
				MTL_ENABLE_DEBUG_INFO = INCLUDE_SOURCE;
				MTL_FAST_MATH = YES;
				ONLY_ACTIVE_ARCH = YES;
				SDKROOT = iphoneos;
				SWIFT_ACTIVE_COMPILATION_CONDITIONS = "DEBUG $(inherited)";
				SWIFT_OPTIMIZATION_LEVEL = "-Onone";
			};
			name = Debug;
		};
		DD6C8F5D2AFCE3CC007F21D5 /* Release */ = {
			isa = XCBuildConfiguration;
			buildSettings = {
				ALWAYS_SEARCH_USER_PATHS = NO;
				ASSETCATALOG_COMPILER_GENERATE_SWIFT_ASSET_SYMBOL_EXTENSIONS = YES;
				CLANG_ANALYZER_NONNULL = YES;
				CLANG_ANALYZER_NUMBER_OBJECT_CONVERSION = YES_AGGRESSIVE;
				CLANG_CXX_LANGUAGE_STANDARD = "gnu++20";
				CLANG_ENABLE_MODULES = YES;
				CLANG_ENABLE_OBJC_ARC = YES;
				CLANG_ENABLE_OBJC_WEAK = YES;
				CLANG_WARN_BLOCK_CAPTURE_AUTORELEASING = YES;
				CLANG_WARN_BOOL_CONVERSION = YES;
				CLANG_WARN_COMMA = YES;
				CLANG_WARN_CONSTANT_CONVERSION = YES;
				CLANG_WARN_DEPRECATED_OBJC_IMPLEMENTATIONS = YES;
				CLANG_WARN_DIRECT_OBJC_ISA_USAGE = YES_ERROR;
				CLANG_WARN_DOCUMENTATION_COMMENTS = YES;
				CLANG_WARN_EMPTY_BODY = YES;
				CLANG_WARN_ENUM_CONVERSION = YES;
				CLANG_WARN_INFINITE_RECURSION = YES;
				CLANG_WARN_INT_CONVERSION = YES;
				CLANG_WARN_NON_LITERAL_NULL_CONVERSION = YES;
				CLANG_WARN_OBJC_IMPLICIT_RETAIN_SELF = YES;
				CLANG_WARN_OBJC_LITERAL_CONVERSION = YES;
				CLANG_WARN_OBJC_ROOT_CLASS = YES_ERROR;
				CLANG_WARN_QUOTED_INCLUDE_IN_FRAMEWORK_HEADER = YES;
				CLANG_WARN_RANGE_LOOP_ANALYSIS = YES;
				CLANG_WARN_STRICT_PROTOTYPES = YES;
				CLANG_WARN_SUSPICIOUS_MOVE = YES;
				CLANG_WARN_UNGUARDED_AVAILABILITY = YES_AGGRESSIVE;
				CLANG_WARN_UNREACHABLE_CODE = YES;
				CLANG_WARN__DUPLICATE_METHOD_MATCH = YES;
				COPY_PHASE_STRIP = NO;
				DEBUG_INFORMATION_FORMAT = "dwarf-with-dsym";
				ENABLE_NS_ASSERTIONS = NO;
				ENABLE_STRICT_OBJC_MSGSEND = YES;
				ENABLE_USER_SCRIPT_SANDBOXING = YES;
				GCC_C_LANGUAGE_STANDARD = gnu17;
				GCC_NO_COMMON_BLOCKS = YES;
				GCC_WARN_64_TO_32_BIT_CONVERSION = YES;
				GCC_WARN_ABOUT_RETURN_TYPE = YES_ERROR;
				GCC_WARN_UNDECLARED_SELECTOR = YES;
				GCC_WARN_UNINITIALIZED_AUTOS = YES_AGGRESSIVE;
				GCC_WARN_UNUSED_FUNCTION = YES;
				GCC_WARN_UNUSED_VARIABLE = YES;
				IPHONEOS_DEPLOYMENT_TARGET = 17.0;
				LOCALIZATION_PREFERS_STRING_CATALOGS = YES;
				MTL_ENABLE_DEBUG_INFO = NO;
				MTL_FAST_MATH = YES;
				SDKROOT = iphoneos;
				SWIFT_COMPILATION_MODE = wholemodule;
				VALIDATE_PRODUCT = YES;
			};
			name = Release;
		};
		DD6C8F5F2AFCE3CC007F21D5 /* Debug */ = {
			isa = XCBuildConfiguration;
			buildSettings = {
				ASSETCATALOG_COMPILER_APPICON_NAME = AppIcon;
				ASSETCATALOG_COMPILER_GLOBAL_ACCENT_COLOR_NAME = AccentColor;
				CODE_SIGN_STYLE = Automatic;
				CURRENT_PROJECT_VERSION = 1;
				DEVELOPMENT_TEAM = DAP856JGQY;
				GENERATE_INFOPLIST_FILE = YES;
				INFOPLIST_FILE = WillItRain/Info.plist;
				INFOPLIST_KEY_CFBundleDisplayName = "Will It Rain";
				INFOPLIST_KEY_LSApplicationCategoryType = "public.app-category.weather";
				INFOPLIST_KEY_UIApplicationSupportsIndirectInputEvents = YES;
				INFOPLIST_KEY_UILaunchStoryboardName = LaunchScreen;
				INFOPLIST_KEY_UIMainStoryboardFile = Main;
				INFOPLIST_KEY_UISupportedInterfaceOrientations_iPad = "UIInterfaceOrientationPortrait UIInterfaceOrientationPortraitUpsideDown UIInterfaceOrientationLandscapeLeft UIInterfaceOrientationLandscapeRight";
				INFOPLIST_KEY_UISupportedInterfaceOrientations_iPhone = "UIInterfaceOrientationPortrait UIInterfaceOrientationLandscapeLeft UIInterfaceOrientationLandscapeRight";
				IPHONEOS_DEPLOYMENT_TARGET = 13.0;
				LD_RUNPATH_SEARCH_PATHS = (
					"$(inherited)",
					"@executable_path/Frameworks",
				);
				MARKETING_VERSION = 1.0;
				PRODUCT_BUNDLE_IDENTIFIER = com.jattersley.WillItRain;
				PRODUCT_NAME = "$(TARGET_NAME)";
				SWIFT_EMIT_LOC_STRINGS = YES;
				SWIFT_VERSION = 5.0;
				TARGETED_DEVICE_FAMILY = "1,2";
			};
			name = Debug;
		};
		DD6C8F602AFCE3CC007F21D5 /* Release */ = {
			isa = XCBuildConfiguration;
			buildSettings = {
				ASSETCATALOG_COMPILER_APPICON_NAME = AppIcon;
				ASSETCATALOG_COMPILER_GLOBAL_ACCENT_COLOR_NAME = AccentColor;
				CODE_SIGN_STYLE = Automatic;
				CURRENT_PROJECT_VERSION = 1;
				DEVELOPMENT_TEAM = DAP856JGQY;
				GENERATE_INFOPLIST_FILE = YES;
				INFOPLIST_FILE = WillItRain/Info.plist;
				INFOPLIST_KEY_CFBundleDisplayName = "Will It Rain";
				INFOPLIST_KEY_LSApplicationCategoryType = "public.app-category.weather";
				INFOPLIST_KEY_UIApplicationSupportsIndirectInputEvents = YES;
				INFOPLIST_KEY_UILaunchStoryboardName = LaunchScreen;
				INFOPLIST_KEY_UIMainStoryboardFile = Main;
				INFOPLIST_KEY_UISupportedInterfaceOrientations_iPad = "UIInterfaceOrientationPortrait UIInterfaceOrientationPortraitUpsideDown UIInterfaceOrientationLandscapeLeft UIInterfaceOrientationLandscapeRight";
				INFOPLIST_KEY_UISupportedInterfaceOrientations_iPhone = "UIInterfaceOrientationPortrait UIInterfaceOrientationLandscapeLeft UIInterfaceOrientationLandscapeRight";
				IPHONEOS_DEPLOYMENT_TARGET = 13.0;
				LD_RUNPATH_SEARCH_PATHS = (
					"$(inherited)",
					"@executable_path/Frameworks",
				);
				MARKETING_VERSION = 1.0;
				PRODUCT_BUNDLE_IDENTIFIER = com.jattersley.WillItRain;
				PRODUCT_NAME = "$(TARGET_NAME)";
				SWIFT_EMIT_LOC_STRINGS = YES;
				SWIFT_VERSION = 5.0;
				TARGETED_DEVICE_FAMILY = "1,2";
			};
			name = Release;
		};
/* End XCBuildConfiguration section */

/* Begin XCConfigurationList section */
		DD6C8F452AFCE3CB007F21D5 /* Build configuration list for PBXProject "WillItRain" */ = {
			isa = XCConfigurationList;
			buildConfigurations = (
				DD6C8F5C2AFCE3CC007F21D5 /* Debug */,
				DD6C8F5D2AFCE3CC007F21D5 /* Release */,
			);
			defaultConfigurationIsVisible = 0;
			defaultConfigurationName = Release;
		};
		DD6C8F5E2AFCE3CC007F21D5 /* Build configuration list for PBXNativeTarget "WillItRain" */ = {
			isa = XCConfigurationList;
			buildConfigurations = (
				DD6C8F5F2AFCE3CC007F21D5 /* Debug */,
				DD6C8F602AFCE3CC007F21D5 /* Release */,
			);
			defaultConfigurationIsVisible = 0;
			defaultConfigurationName = Release;
		};
/* End XCConfigurationList section */
	};
	rootObject = DD6C8F422AFCE3CB007F21D5 /* Project object */;
}
